PODS:
  - ButtonMerchant (1.3.0)
  - Sourcery (0.16.1)
  - SwiftLint (0.25.0)

DEPENDENCIES:
  - ButtonMerchant (from `./`)
  - Sourcery
  - SwiftLint

SPEC REPOS:
  https://github.com/CocoaPods/Specs.git:
    - Sourcery
    - SwiftLint

EXTERNAL SOURCES:
  ButtonMerchant:
    :path: "./"

SPEC CHECKSUMS:
  ButtonMerchant: 3738025cd28320e65138e996041be5b67e5d4d25
  Sourcery: 16779170d35ee204666843b09031f36721a84bcc
  SwiftLint: e14651157288e9e01d6e1a71db7014fb5744a8ea

PODFILE CHECKSUM: e0d7e0b90642924bbffb8ea5e14664b037849522

COCOAPODS: 1.9.1
