PODS:
  - ButtonMerchant (1.4.1)
  - SwiftLint (0.25.0)

DEPENDENCIES:
  - ButtonMerchant (from `./`)
  - SwiftLint

SPEC REPOS:
  trunk:
    - SwiftLint

EXTERNAL SOURCES:
  ButtonMerchant:
    :path: "./"

SPEC CHECKSUMS:
  ButtonMerchant: a6492f65acf6b8392964cb18bf1cbba5dd45c3c4
  SwiftLint: e14651157288e9e01d6e1a71db7014fb5744a8ea

PODFILE CHECKSUM: e6864df46b69637ee2822533e793512d9403dc79

COCOAPODS: 1.10.0
